
Microsoft Visual Studio Solution File, Format Version 12.00
# Visual Studio 14
VisualStudioVersion = 14.0.24720.0
MinimumVisualStudioVersion = 10.0.40219.1
Project("{8BC9CEB8-8B4A-11D0-8D11-00A0C91BC942}") = "jc", "jc\jc.vcxproj", "{2A783B1F-F1BB-467E-90E2-1E02084311AE}"
EndProject
Project("{8BC9CEB8-8B4A-11D0-8D11-00A0C91BC942}") = "jcimp", "jcimp\jcimp.vcxproj", "{1BC511A1-1D09-48C6-942B-BDB74AAB49DB}"
EndProject
Global
	GlobalSection(SolutionConfigurationPlatforms) = preSolution
		Debug|x64 = Debug|x64
		Debug|x86 = Debug|x86
		Release|x64 = Release|x64
		Release|x86 = Release|x86
	EndGlobalSection
	GlobalSection(ProjectConfigurationPlatforms) = postSolution
		{2A783B1F-F1BB-467E-90E2-1E02084311AE}.Debug|x64.ActiveCfg = Debug|x64
		{2A783B1F-F1BB-467E-90E2-1E02084311AE}.Debug|x64.Build.0 = Debug|x64
		{2A783B1F-F1BB-467E-90E2-1E02084311AE}.Debug|x86.ActiveCfg = Debug|Win32
		{2A783B1F-F1BB-467E-90E2-1E02084311AE}.Debug|x86.Build.0 = Debug|Win32
		{2A783B1F-F1BB-467E-90E2-1E02084311AE}.Release|x64.ActiveCfg = Release|x64
		{2A783B1F-F1BB-467E-90E2-1E02084311AE}.Release|x64.Build.0 = Release|x64
		{2A783B1F-F1BB-467E-90E2-1E02084311AE}.Release|x86.ActiveCfg = Release|Win32
		{2A783B1F-F1BB-467E-90E2-1E02084311AE}.Release|x86.Build.0 = Release|Win32
		{1BC511A1-1D09-48C6-942B-BDB74AAB49DB}.Debug|x64.ActiveCfg = Debug|x64
		{1BC511A1-1D09-48C6-942B-BDB74AAB49DB}.Debug|x64.Build.0 = Debug|x64
		{1BC511A1-1D09-48C6-942B-BDB74AAB49DB}.Debug|x86.ActiveCfg = Debug|Win32
		{1BC511A1-1D09-48C6-942B-BDB74AAB49DB}.Debug|x86.Build.0 = Debug|Win32
		{1BC511A1-1D09-48C6-942B-BDB74AAB49DB}.Release|x64.ActiveCfg = Release|x64
		{1BC511A1-1D09-48C6-942B-BDB74AAB49DB}.Release|x64.Build.0 = Release|x64
		{1BC511A1-1D09-48C6-942B-BDB74AAB49DB}.Release|x86.ActiveCfg = Release|Win32
		{1BC511A1-1D09-48C6-942B-BDB74AAB49DB}.Release|x86.Build.0 = Release|Win32
	EndGlobalSection
	GlobalSection(SolutionProperties) = preSolution
		HideSolutionNode = FALSE
	EndGlobalSection
EndGlobal
